
Microsoft Visual Studio Solution File, Format Version 12.00
# Visual Studio 15
VisualStudioVersion = 15.0.28307.136
MinimumVisualStudioVersion = 10.0.40219.1
Project("{FAE04EC0-301F-11D3-BF4B-00C04F79EFBC}") = "DoctorScheduling", "DoctorScheduling\DoctorScheduling.csproj", "{60190CE1-B487-4946-9335-2E7E8CD6F198}"
EndProject
Global
	GlobalSection(SolutionConfigurationPlatforms) = preSolution
		Debug|Any CPU = Debug|Any CPU
		Release|Any CPU = Release|Any CPU
	EndGlobalSection
	GlobalSection(ProjectConfigurationPlatforms) = postSolution
		{60190CE1-B487-4946-9335-2E7E8CD6F198}.Debug|Any CPU.ActiveCfg = Debug|Any CPU
		{60190CE1-B487-4946-9335-2E7E8CD6F198}.Debug|Any CPU.Build.0 = Debug|Any CPU
		{60190CE1-B487-4946-9335-2E7E8CD6F198}.Release|Any CPU.ActiveCfg = Release|Any CPU
		{60190CE1-B487-4946-9335-2E7E8CD6F198}.Release|Any CPU.Build.0 = Release|Any CPU
	EndGlobalSection
	GlobalSection(SolutionProperties) = preSolution
		HideSolutionNode = FALSE
	EndGlobalSection
	GlobalSection(ExtensibilityGlobals) = postSolution
		SolutionGuid = {C1375CD0-29AF-46BA-A316-84EA0DE8B6C2}
	EndGlobalSection
EndGlobal
